{
  "lib/openzeppelin-contracts": {
    "tag": {
      "name": "v5.7.0",
      "rev": "cab19933c33c2ad1d4c7a84864a3601dddfd16f3"
    }
  },
  "lib/v4-core": {
    "tag": {
      "name": "v4.0.0",
      "rev": "e50237c43811bd9b526eff40f26772152a42daba"
    }
  },
  "lib/v4-periphery": {
    "rev": "9969eec44cfdf07e24b41de47f40276a58401976"
  },
  "lib/forge-std": {
    "tag": {
      "name": "v1.16.2-25-g7239323",
      "rev": "7239323e35487ba4339c93fe591065a63ce122aa"
    }
  }
}
